// !$*UTF8*$!
{
	archiveVersion = 1;
	classes = {
	};
	objectVersion = 50;
	objects = {

/* Begin PBXBuildFile section */
		BCDCCFA9B823BB8DF9CE9F6C /* Pods_swiftbookCourses.framework in Frameworks */ = {isa = PBXBuildFile; fileRef = 573FA17B280A66CB8E3CC31F /* Pods_swiftbookCourses.framework */; };
		FF95F4BA251E0A50003FB6E5 /* AppDelegate.swift in Sources */ = {isa = PBXBuildFile; fileRef = FF95F4B9251E0A50003FB6E5 /* AppDelegate.swift */; };
		FF95F4BC251E0A50003FB6E5 /* SceneDelegate.swift in Sources */ = {isa = PBXBuildFile; fileRef = FF95F4BB251E0A50003FB6E5 /* SceneDelegate.swift */; };
		FF95F4BE251E0A50003FB6E5 /* MainViewController.swift in Sources */ = {isa = PBXBuildFile; fileRef = FF95F4BD251E0A50003FB6E5 /* MainViewController.swift */; };
		FF95F4C1251E0A50003FB6E5 /* Main.storyboard in Resources */ = {isa = PBXBuildFile; fileRef = FF95F4BF251E0A50003FB6E5 /* Main.storyboard */; };
		FF95F4C3251E0A51003FB6E5 /* Assets.xcassets in Resources */ = {isa = PBXBuildFile; fileRef = FF95F4C2251E0A51003FB6E5 /* Assets.xcassets */; };
		FF95F4C6251E0A51003FB6E5 /* LaunchScreen.storyboard in Resources */ = {isa = PBXBuildFile; fileRef = FF95F4C4251E0A51003FB6E5 /* LaunchScreen.storyboard */; };
		FF95F4D0251E0DCD003FB6E5 /* CoursesViewController.swift in Sources */ = {isa = PBXBuildFile; fileRef = FF95F4CF251E0DCD003FB6E5 /* CoursesViewController.swift */; };
		FF95F4D4251E0F1E003FB6E5 /* Course.swift in Sources */ = {isa = PBXBuildFile; fileRef = FF95F4D3251E0F1E003FB6E5 /* Course.swift */; };
		FF95F4D8251E1041003FB6E5 /* CourseCell.swift in Sources */ = {isa = PBXBuildFile; fileRef = FF95F4D7251E1041003FB6E5 /* CourseCell.swift */; };
		FF95F4E3251E1C87003FB6E5 /* NetworkManager.swift in Sources */ = {isa = PBXBuildFile; fileRef = FF95F4E2251E1C87003FB6E5 /* NetworkManager.swift */; };
/* End PBXBuildFile section */

/* Begin PBXFileReference section */
		573FA17B280A66CB8E3CC31F /* Pods_swiftbookCourses.framework */ = {isa = PBXFileReference; explicitFileType = wrapper.framework; includeInIndex = 0; path = Pods_swiftbookCourses.framework; sourceTree = BUILT_PRODUCTS_DIR; };
		D0657EA6A3E29EA5F5DAD847 /* Pods-swiftbookCourses.debug.xcconfig */ = {isa = PBXFileReference; includeInIndex = 1; lastKnownFileType = text.xcconfig; name = "Pods-swiftbookCourses.debug.xcconfig"; path = "Target Support Files/Pods-swiftbookCourses/Pods-swiftbookCourses.debug.xcconfig"; sourceTree = "<group>"; };
		DA8ADCD86817433E9078F215 /* Pods-swiftbookCourses.release.xcconfig */ = {isa = PBXFileReference; includeInIndex = 1; lastKnownFileType = text.xcconfig; name = "Pods-swiftbookCourses.release.xcconfig"; path = "Target Support Files/Pods-swiftbookCourses/Pods-swiftbookCourses.release.xcconfig"; sourceTree = "<group>"; };
		FF95F4B6251E0A50003FB6E5 /* swiftbookCourses.app */ = {isa = PBXFileReference; explicitFileType = wrapper.application; includeInIndex = 0; path = swiftbookCourses.app; sourceTree = BUILT_PRODUCTS_DIR; };
		FF95F4B9251E0A50003FB6E5 /* AppDelegate.swift */ = {isa = PBXFileReference; lastKnownFileType = sourcecode.swift; path = AppDelegate.swift; sourceTree = "<group>"; };
		FF95F4BB251E0A50003FB6E5 /* SceneDelegate.swift */ = {isa = PBXFileReference; lastKnownFileType = sourcecode.swift; path = SceneDelegate.swift; sourceTree = "<group>"; };
		FF95F4BD251E0A50003FB6E5 /* MainViewController.swift */ = {isa = PBXFileReference; lastKnownFileType = sourcecode.swift; path = MainViewController.swift; sourceTree = "<group>"; };
		FF95F4C0251E0A50003FB6E5 /* Base */ = {isa = PBXFileReference; lastKnownFileType = file.storyboard; name = Base; path = Base.lproj/Main.storyboard; sourceTree = "<group>"; };
		FF95F4C2251E0A51003FB6E5 /* Assets.xcassets */ = {isa = PBXFileReference; lastKnownFileType = folder.assetcatalog; path = Assets.xcassets; sourceTree = "<group>"; };
		FF95F4C5251E0A51003FB6E5 /* Base */ = {isa = PBXFileReference; lastKnownFileType = file.storyboard; name = Base; path = Base.lproj/LaunchScreen.storyboard; sourceTree = "<group>"; };
		FF95F4C7251E0A51003FB6E5 /* Info.plist */ = {isa = PBXFileReference; lastKnownFileType = text.plist.xml; path = Info.plist; sourceTree = "<group>"; };
		FF95F4CF251E0DCD003FB6E5 /* CoursesViewController.swift */ = {isa = PBXFileReference; lastKnownFileType = sourcecode.swift; path = CoursesViewController.swift; sourceTree = "<group>"; };
		FF95F4D3251E0F1E003FB6E5 /* Course.swift */ = {isa = PBXFileReference; lastKnownFileType = sourcecode.swift; path = Course.swift; sourceTree = "<group>"; };
		FF95F4D7251E1041003FB6E5 /* CourseCell.swift */ = {isa = PBXFileReference; lastKnownFileType = sourcecode.swift; path = CourseCell.swift; sourceTree = "<group>"; };
		FF95F4E2251E1C87003FB6E5 /* NetworkManager.swift */ = {isa = PBXFileReference; fileEncoding = 4; lastKnownFileType = sourcecode.swift; path = NetworkManager.swift; sourceTree = "<group>"; };
/* End PBXFileReference section */

/* Begin PBXFrameworksBuildPhase section */
		FF95F4B3251E0A50003FB6E5 /* Frameworks */ = {
			isa = PBXFrameworksBuildPhase;
			buildActionMask = 2147483647;
			files = (
				BCDCCFA9B823BB8DF9CE9F6C /* Pods_swiftbookCourses.framework in Frameworks */,
			);
			runOnlyForDeploymentPostprocessing = 0;
		};
/* End PBXFrameworksBuildPhase section */

/* Begin PBXGroup section */
		839212353727D05863219EC2 /* Pods */ = {
			isa = PBXGroup;
			children = (
				D0657EA6A3E29EA5F5DAD847 /* Pods-swiftbookCourses.debug.xcconfig */,
				DA8ADCD86817433E9078F215 /* Pods-swiftbookCourses.release.xcconfig */,
			);
			name = Pods;
			path = Pods;
			sourceTree = "<group>";
		};
		F59528C64CBA428639739081 /* Frameworks */ = {
			isa = PBXGroup;
			children = (
				573FA17B280A66CB8E3CC31F /* Pods_swiftbookCourses.framework */,
			);
			name = Frameworks;
			sourceTree = "<group>";
		};
		FF857683251FBEDF000C9741 /* SupportingFiles */ = {
			isa = PBXGroup;
			children = (
				FF95F4B9251E0A50003FB6E5 /* AppDelegate.swift */,
				FF95F4C7251E0A51003FB6E5 /* Info.plist */,
				FF95F4BB251E0A50003FB6E5 /* SceneDelegate.swift */,
			);
			path = SupportingFiles;
			sourceTree = "<group>";
		};
		FF857686251FBF24000C9741 /* Models */ = {
			isa = PBXGroup;
			children = (
				FF95F4D3251E0F1E003FB6E5 /* Course.swift */,
				FF95F4D7251E1041003FB6E5 /* CourseCell.swift */,
			);
			path = Models;
			sourceTree = "<group>";
		};
		FF857688251FBF2E000C9741 /* Networking */ = {
			isa = PBXGroup;
			children = (
				FF95F4E2251E1C87003FB6E5 /* NetworkManager.swift */,
			);
			path = Networking;
			sourceTree = "<group>";
		};
		FF85768A251FBF53000C9741 /* ViewControllers */ = {
			isa = PBXGroup;
			children = (
				FF95F4BD251E0A50003FB6E5 /* MainViewController.swift */,
				FF95F4CF251E0DCD003FB6E5 /* CoursesViewController.swift */,
			);
			path = ViewControllers;
			sourceTree = "<group>";
		};
		FF85768C251FBF72000C9741 /* Storyboards */ = {
			isa = PBXGroup;
			children = (
				FF95F4C4251E0A51003FB6E5 /* LaunchScreen.storyboard */,
				FF95F4BF251E0A50003FB6E5 /* Main.storyboard */,
			);
			path = Storyboards;
			sourceTree = "<group>";
		};
		FF85768D251FBF84000C9741 /* Sources */ = {
			isa = PBXGroup;
			children = (
				FF95F4C2251E0A51003FB6E5 /* Assets.xcassets */,
			);
			path = Sources;
			sourceTree = "<group>";
		};
		FF95F4AD251E0A50003FB6E5 = {
			isa = PBXGroup;
			children = (
				FF95F4B8251E0A50003FB6E5 /* swiftbookCourses */,
				FF95F4B7251E0A50003FB6E5 /* Products */,
				839212353727D05863219EC2 /* Pods */,
				F59528C64CBA428639739081 /* Frameworks */,
			);
			sourceTree = "<group>";
		};
		FF95F4B7251E0A50003FB6E5 /* Products */ = {
			isa = PBXGroup;
			children = (
				FF95F4B6251E0A50003FB6E5 /* swiftbookCourses.app */,
			);
			name = Products;
			sourceTree = "<group>";
		};
		FF95F4B8251E0A50003FB6E5 /* swiftbookCourses */ = {
			isa = PBXGroup;
			children = (
				FF857686251FBF24000C9741 /* Models */,
				FF85768A251FBF53000C9741 /* ViewControllers */,
				FF85768C251FBF72000C9741 /* Storyboards */,
				FF857688251FBF2E000C9741 /* Networking */,
				FF857683251FBEDF000C9741 /* SupportingFiles */,
				FF85768D251FBF84000C9741 /* Sources */,
			);
			path = swiftbookCourses;
			sourceTree = "<group>";
		};
/* End PBXGroup section */

/* Begin PBXNativeTarget section */
		FF95F4B5251E0A50003FB6E5 /* swiftbookCourses */ = {
			isa = PBXNativeTarget;
			buildConfigurationList = FF95F4CA251E0A51003FB6E5 /* Build configuration list for PBXNativeTarget "swiftbookCourses" */;
			buildPhases = (
				BF5DA662107E3416854525FD /* [CP] Check Pods Manifest.lock */,
				FF95F4B2251E0A50003FB6E5 /* Sources */,
				FF95F4B3251E0A50003FB6E5 /* Frameworks */,
				FF95F4B4251E0A50003FB6E5 /* Resources */,
				6B7C378F3FAFA085D86FF727 /* [CP] Embed Pods Frameworks */,
			);
			buildRules = (
			);
			dependencies = (
			);
			name = swiftbookCourses;
			productName = swiftbookCourses;
			productReference = FF95F4B6251E0A50003FB6E5 /* swiftbookCourses.app */;
			productType = "com.apple.product-type.application";
		};
/* End PBXNativeTarget section */

/* Begin PBXProject section */
		FF95F4AE251E0A50003FB6E5 /* Project object */ = {
			isa = PBXProject;
			attributes = {
				LastSwiftUpdateCheck = 1200;
				LastUpgradeCheck = 1200;
				TargetAttributes = {
					FF95F4B5251E0A50003FB6E5 = {
						CreatedOnToolsVersion = 12.0.1;
					};
				};
			};
			buildConfigurationList = FF95F4B1251E0A50003FB6E5 /* Build configuration list for PBXProject "swiftbookCourses" */;
			compatibilityVersion = "Xcode 9.3";
			developmentRegion = en;
			hasScannedForEncodings = 0;
			knownRegions = (
				en,
				Base,
			);
			mainGroup = FF95F4AD251E0A50003FB6E5;
			productRefGroup = FF95F4B7251E0A50003FB6E5 /* Products */;
			projectDirPath = "";
			projectRoot = "";
			targets = (
				FF95F4B5251E0A50003FB6E5 /* swiftbookCourses */,
			);
		};
/* End PBXProject section */

/* Begin PBXResourcesBuildPhase section */
		FF95F4B4251E0A50003FB6E5 /* Resources */ = {
			isa = PBXResourcesBuildPhase;
			buildActionMask = 2147483647;
			files = (
				FF95F4C6251E0A51003FB6E5 /* LaunchScreen.storyboard in Resources */,
				FF95F4C3251E0A51003FB6E5 /* Assets.xcassets in Resources */,
				FF95F4C1251E0A50003FB6E5 /* Main.storyboard in Resources */,
			);
			runOnlyForDeploymentPostprocessing = 0;
		};
/* End PBXResourcesBuildPhase section */

/* Begin PBXShellScriptBuildPhase section */
		6B7C378F3FAFA085D86FF727 /* [CP] Embed Pods Frameworks */ = {
			isa = PBXShellScriptBuildPhase;
			buildActionMask = 2147483647;
			files = (
			);
			inputFileListPaths = (
				"${PODS_ROOT}/Target Support Files/Pods-swiftbookCourses/Pods-swiftbookCourses-frameworks-${CONFIGURATION}-input-files.xcfilelist",
			);
			name = "[CP] Embed Pods Frameworks";
			outputFileListPaths = (
				"${PODS_ROOT}/Target Support Files/Pods-swiftbookCourses/Pods-swiftbookCourses-frameworks-${CONFIGURATION}-output-files.xcfilelist",
			);
			runOnlyForDeploymentPostprocessing = 0;
			shellPath = /bin/sh;
			shellScript = "\"${PODS_ROOT}/Target Support Files/Pods-swiftbookCourses/Pods-swiftbookCourses-frameworks.sh\"\n";
			showEnvVarsInLog = 0;
		};
		BF5DA662107E3416854525FD /* [CP] Check Pods Manifest.lock */ = {
			isa = PBXShellScriptBuildPhase;
			buildActionMask = 2147483647;
			files = (
			);
			inputFileListPaths = (
			);
			inputPaths = (
				"${PODS_PODFILE_DIR_PATH}/Podfile.lock",
				"${PODS_ROOT}/Manifest.lock",
			);
			name = "[CP] Check Pods Manifest.lock";
			outputFileListPaths = (
			);
			outputPaths = (
				"$(DERIVED_FILE_DIR)/Pods-swiftbookCourses-checkManifestLockResult.txt",
			);
			runOnlyForDeploymentPostprocessing = 0;
			shellPath = /bin/sh;
			shellScript = "diff \"${PODS_PODFILE_DIR_PATH}/Podfile.lock\" \"${PODS_ROOT}/Manifest.lock\" > /dev/null\nif [ $? != 0 ] ; then\n    # print error to STDERR\n    echo \"error: The sandbox is not in sync with the Podfile.lock. Run 'pod install' or update your CocoaPods installation.\" >&2\n    exit 1\nfi\n# This output is used by Xcode 'outputs' to avoid re-running this script phase.\necho \"SUCCESS\" > \"${SCRIPT_OUTPUT_FILE_0}\"\n";
			showEnvVarsInLog = 0;
		};
/* End PBXShellScriptBuildPhase section */

/* Begin PBXSourcesBuildPhase section */
		FF95F4B2251E0A50003FB6E5 /* Sources */ = {
			isa = PBXSourcesBuildPhase;
			buildActionMask = 2147483647;
			files = (
				FF95F4D8251E1041003FB6E5 /* CourseCell.swift in Sources */,
				FF95F4D0251E0DCD003FB6E5 /* CoursesViewController.swift in Sources */,
				FF95F4BE251E0A50003FB6E5 /* MainViewController.swift in Sources */,
				FF95F4E3251E1C87003FB6E5 /* NetworkManager.swift in Sources */,
				FF95F4D4251E0F1E003FB6E5 /* Course.swift in Sources */,
				FF95F4BA251E0A50003FB6E5 /* AppDelegate.swift in Sources */,
				FF95F4BC251E0A50003FB6E5 /* SceneDelegate.swift in Sources */,
			);
			runOnlyForDeploymentPostprocessing = 0;
		};
/* End PBXSourcesBuildPhase section */

/* Begin PBXVariantGroup section */
		FF95F4BF251E0A50003FB6E5 /* Main.storyboard */ = {
			isa = PBXVariantGroup;
			children = (
				FF95F4C0251E0A50003FB6E5 /* Base */,
			);
			name = Main.storyboard;
			sourceTree = "<group>";
		};
		FF95F4C4251E0A51003FB6E5 /* LaunchScreen.storyboard */ = {
			isa = PBXVariantGroup;
			children = (
				FF95F4C5251E0A51003FB6E5 /* Base */,
			);
			name = LaunchScreen.storyboard;
			sourceTree = "<group>";
		};
/* End PBXVariantGroup section */

/* Begin XCBuildConfiguration section */
		FF95F4C8251E0A51003FB6E5 /* Debug */ = {
			isa = XCBuildConfiguration;
			buildSettings = {
				ALWAYS_SEARCH_USER_PATHS = NO;
				CLANG_ANALYZER_NONNULL = YES;
				CLANG_ANALYZER_NUMBER_OBJECT_CONVERSION = YES_AGGRESSIVE;
				CLANG_CXX_LANGUAGE_STANDARD = "gnu++14";
				CLANG_CXX_LIBRARY = "libc++";
				CLANG_ENABLE_MODULES = YES;
				CLANG_ENABLE_OBJC_ARC = YES;
				CLANG_ENABLE_OBJC_WEAK = YES;
				CLANG_WARN_BLOCK_CAPTURE_AUTORELEASING = YES;
				CLANG_WARN_BOOL_CONVERSION = YES;
				CLANG_WARN_COMMA = YES;
				CLANG_WARN_CONSTANT_CONVERSION = YES;
				CLANG_WARN_DEPRECATED_OBJC_IMPLEMENTATIONS = YES;
				CLANG_WARN_DIRECT_OBJC_ISA_USAGE = YES_ERROR;
				CLANG_WARN_DOCUMENTATION_COMMENTS = YES;
				CLANG_WARN_EMPTY_BODY = YES;
				CLANG_WARN_ENUM_CONVERSION = YES;
				CLANG_WARN_INFINITE_RECURSION = YES;
				CLANG_WARN_INT_CONVERSION = YES;
				CLANG_WARN_NON_LITERAL_NULL_CONVERSION = YES;
				CLANG_WARN_OBJC_IMPLICIT_RETAIN_SELF = YES;
				CLANG_WARN_OBJC_LITERAL_CONVERSION = YES;
				CLANG_WARN_OBJC_ROOT_CLASS = YES_ERROR;
				CLANG_WARN_QUOTED_INCLUDE_IN_FRAMEWORK_HEADER = YES;
				CLANG_WARN_RANGE_LOOP_ANALYSIS = YES;
				CLANG_WARN_STRICT_PROTOTYPES = YES;
				CLANG_WARN_SUSPICIOUS_MOVE = YES;
				CLANG_WARN_UNGUARDED_AVAILABILITY = YES_AGGRESSIVE;
				CLANG_WARN_UNREACHABLE_CODE = YES;
				CLANG_WARN__DUPLICATE_METHOD_MATCH = YES;
				COPY_PHASE_STRIP = NO;
				DEBUG_INFORMATION_FORMAT = dwarf;
				ENABLE_STRICT_OBJC_MSGSEND = YES;
				ENABLE_TESTABILITY = YES;
				GCC_C_LANGUAGE_STANDARD = gnu11;
				GCC_DYNAMIC_NO_PIC = NO;
				GCC_NO_COMMON_BLOCKS = YES;
				GCC_OPTIMIZATION_LEVEL = 0;
				GCC_PREPROCESSOR_DEFINITIONS = (
					"DEBUG=1",
					"$(inherited)",
				);
				GCC_WARN_64_TO_32_BIT_CONVERSION = YES;
				GCC_WARN_ABOUT_RETURN_TYPE = YES_ERROR;
				GCC_WARN_UNDECLARED_SELECTOR = YES;
				GCC_WARN_UNINITIALIZED_AUTOS = YES_AGGRESSIVE;
				GCC_WARN_UNUSED_FUNCTION = YES;
				GCC_WARN_UNUSED_VARIABLE = YES;
				IPHONEOS_DEPLOYMENT_TARGET = 14.0;
				MTL_ENABLE_DEBUG_INFO = INCLUDE_SOURCE;
				MTL_FAST_MATH = YES;
				ONLY_ACTIVE_ARCH = YES;
				SDKROOT = iphoneos;
				SWIFT_ACTIVE_COMPILATION_CONDITIONS = DEBUG;
				SWIFT_OPTIMIZATION_LEVEL = "-Onone";
			};
			name = Debug;
		};
		FF95F4C9251E0A51003FB6E5 /* Release */ = {
			isa = XCBuildConfiguration;
			buildSettings = {
				ALWAYS_SEARCH_USER_PATHS = NO;
				CLANG_ANALYZER_NONNULL = YES;
				CLANG_ANALYZER_NUMBER_OBJECT_CONVERSION = YES_AGGRESSIVE;
				CLANG_CXX_LANGUAGE_STANDARD = "gnu++14";
				CLANG_CXX_LIBRARY = "libc++";
				CLANG_ENABLE_MODULES = YES;
				CLANG_ENABLE_OBJC_ARC = YES;
				CLANG_ENABLE_OBJC_WEAK = YES;
				CLANG_WARN_BLOCK_CAPTURE_AUTORELEASING = YES;
				CLANG_WARN_BOOL_CONVERSION = YES;
				CLANG_WARN_COMMA = YES;
				CLANG_WARN_CONSTANT_CONVERSION = YES;
				CLANG_WARN_DEPRECATED_OBJC_IMPLEMENTATIONS = YES;
				CLANG_WARN_DIRECT_OBJC_ISA_USAGE = YES_ERROR;
				CLANG_WARN_DOCUMENTATION_COMMENTS = YES;
				CLANG_WARN_EMPTY_BODY = YES;
				CLANG_WARN_ENUM_CONVERSION = YES;
				CLANG_WARN_INFINITE_RECURSION = YES;
				CLANG_WARN_INT_CONVERSION = YES;
				CLANG_WARN_NON_LITERAL_NULL_CONVERSION = YES;
				CLANG_WARN_OBJC_IMPLICIT_RETAIN_SELF = YES;
				CLANG_WARN_OBJC_LITERAL_CONVERSION = YES;
				CLANG_WARN_OBJC_ROOT_CLASS = YES_ERROR;
				CLANG_WARN_QUOTED_INCLUDE_IN_FRAMEWORK_HEADER = YES;
				CLANG_WARN_RANGE_LOOP_ANALYSIS = YES;
				CLANG_WARN_STRICT_PROTOTYPES = YES;
				CLANG_WARN_SUSPICIOUS_MOVE = YES;
				CLANG_WARN_UNGUARDED_AVAILABILITY = YES_AGGRESSIVE;
				CLANG_WARN_UNREACHABLE_CODE = YES;
				CLANG_WARN__DUPLICATE_METHOD_MATCH = YES;
				COPY_PHASE_STRIP = NO;
				DEBUG_INFORMATION_FORMAT = "dwarf-with-dsym";
				ENABLE_NS_ASSERTIONS = NO;
				ENABLE_STRICT_OBJC_MSGSEND = YES;
				GCC_C_LANGUAGE_STANDARD = gnu11;
				GCC_NO_COMMON_BLOCKS = YES;
				GCC_WARN_64_TO_32_BIT_CONVERSION = YES;
				GCC_WARN_ABOUT_RETURN_TYPE = YES_ERROR;
				GCC_WARN_UNDECLARED_SELECTOR = YES;
				GCC_WARN_UNINITIALIZED_AUTOS = YES_AGGRESSIVE;
				GCC_WARN_UNUSED_FUNCTION = YES;
				GCC_WARN_UNUSED_VARIABLE = YES;
				IPHONEOS_DEPLOYMENT_TARGET = 14.0;
				MTL_ENABLE_DEBUG_INFO = NO;
				MTL_FAST_MATH = YES;
				SDKROOT = iphoneos;
				SWIFT_COMPILATION_MODE = wholemodule;
				SWIFT_OPTIMIZATION_LEVEL = "-O";
				VALIDATE_PRODUCT = YES;
			};
			name = Release;
		};
		FF95F4CB251E0A51003FB6E5 /* Debug */ = {
			isa = XCBuildConfiguration;
			baseConfigurationReference = D0657EA6A3E29EA5F5DAD847 /* Pods-swiftbookCourses.debug.xcconfig */;
			buildSettings = {
				ASSETCATALOG_COMPILER_APPICON_NAME = AppIcon;
				ASSETCATALOG_COMPILER_GLOBAL_ACCENT_COLOR_NAME = AccentColor;
				CODE_SIGN_STYLE = Automatic;
				INFOPLIST_FILE = swiftbookCourses/SupportingFiles/Info.plist;
				LD_RUNPATH_SEARCH_PATHS = (
					"$(inherited)",
					"@executable_path/Frameworks",
				);
				PRODUCT_BUNDLE_IDENTIFIER = VS.swiftbookCourses;
				PRODUCT_NAME = "$(TARGET_NAME)";
				SWIFT_VERSION = 5.0;
				TARGETED_DEVICE_FAMILY = "1,2";
			};
			name = Debug;
		};
		FF95F4CC251E0A51003FB6E5 /* Release */ = {
			isa = XCBuildConfiguration;
			baseConfigurationReference = DA8ADCD86817433E9078F215 /* Pods-swiftbookCourses.release.xcconfig */;
			buildSettings = {
				ASSETCATALOG_COMPILER_APPICON_NAME = AppIcon;
				ASSETCATALOG_COMPILER_GLOBAL_ACCENT_COLOR_NAME = AccentColor;
				CODE_SIGN_STYLE = Automatic;
				INFOPLIST_FILE = swiftbookCourses/SupportingFiles/Info.plist;
				LD_RUNPATH_SEARCH_PATHS = (
					"$(inherited)",
					"@executable_path/Frameworks",
				);
				PRODUCT_BUNDLE_IDENTIFIER = VS.swiftbookCourses;
				PRODUCT_NAME = "$(TARGET_NAME)";
				SWIFT_VERSION = 5.0;
				TARGETED_DEVICE_FAMILY = "1,2";
			};
			name = Release;
		};
/* End XCBuildConfiguration section */

/* Begin XCConfigurationList section */
		FF95F4B1251E0A50003FB6E5 /* Build configuration list for PBXProject "swiftbookCourses" */ = {
			isa = XCConfigurationList;
			buildConfigurations = (
				FF95F4C8251E0A51003FB6E5 /* Debug */,
				FF95F4C9251E0A51003FB6E5 /* Release */,
			);
			defaultConfigurationIsVisible = 0;
			defaultConfigurationName = Release;
		};
		FF95F4CA251E0A51003FB6E5 /* Build configuration list for PBXNativeTarget "swiftbookCourses" */ = {
			isa = XCConfigurationList;
			buildConfigurations = (
				FF95F4CB251E0A51003FB6E5 /* Debug */,
				FF95F4CC251E0A51003FB6E5 /* Release */,
			);
			defaultConfigurationIsVisible = 0;
			defaultConfigurationName = Release;
		};
/* End XCConfigurationList section */
	};
	rootObject = FF95F4AE251E0A50003FB6E5 /* Project object */;
}
